Microsoft Visual Studio Solution File, Format Version 12.00
# Visual Studio Version 18
VisualStudioVersion = 18.6.11819.183
MinimumVisualStudioVersion = 10.0.40219.1
Project("{FAE04EC0-301F-11D3-BF4B-00C04F79EFBC}") = "DSPRE", "DS_Map\DSPRE.csproj", "{E3C66521-EE89-4406-92C4-FC1D40DC4200}"
EndProject
Project("{FAE04EC0-301F-11D3-BF4B-00C04F79EFBC}") = "Ekona", "Ekona\Ekona.csproj", "{736010D3-F72F-4C56-B8D2-2EDD1B8F3A87}"
EndProject
Project("{FAE04EC0-301F-11D3-BF4B-00C04F79EFBC}") = "Images", "Images\Images\Images.csproj", "{8BB5DA4B-5B71-4993-8941-4F38D4E6C81B}"
	ProjectSection(ProjectDependencies) = postProject
		{736010D3-F72F-4C56-B8D2-2EDD1B8F3A87} = {736010D3-F72F-4C56-B8D2-2EDD1B8F3A87}
	EndProjectSection
EndProject
Project("{FAE04EC0-301F-11D3-BF4B-00C04F79EFBC}") = "DSPRE.Tests", "DSPRE.Tests\DSPRE.Tests.csproj", "{21091F19-9F30-4A94-B1E6-10F61D217EA3}"
EndProject
Project("{2150E333-8FDC-42A3-9474-1A3956D46DE8}") = "DS_Map", "DS_Map", "{6DB94213-59C6-1826-5D4B-0A55B53DC745}"
EndProject
Project("{FAE04EC0-301F-11D3-BF4B-00C04F79EFBC}") = "DSPRE.Core", "DSPRE.Core\DSPRE.Core.csproj", "{2AA642A6-0998-4C48-A125-76CC654EB599}"
EndProject
Project("{FAE04EC0-301F-11D3-BF4B-00C04F79EFBC}") = "DSPRE.Avalonia", "DSPRE.Avalonia\DSPRE.Avalonia.csproj", "{2E147723-B456-4F82-87A3-4E71574EC361}"
EndProject
Global
	GlobalSection(SolutionConfigurationPlatforms) = preSolution
		Debug|Any CPU = Debug|Any CPU
		Debug|x64 = Debug|x64
		Debug|x86 = Debug|x86
		Debug-Linux|Any CPU = Debug-Linux|Any CPU
		Debug-Linux|x64 = Debug-Linux|x64
		Debug-Linux|x86 = Debug-Linux|x86
		Release|Any CPU = Release|Any CPU
		Release|x64 = Release|x64
		Release|x86 = Release|x86
		Release-Linux|Any CPU = Release-Linux|Any CPU
		Release-Linux|x64 = Release-Linux|x64
		Release-Linux|x86 = Release-Linux|x86
	EndGlobalSection
	GlobalSection(ProjectConfigurationPlatforms) = postSolution
		{E3C66521-EE89-4406-92C4-FC1D40DC4200}.Debug|Any CPU.ActiveCfg = Debug|Any CPU
		{E3C66521-EE89-4406-92C4-FC1D40DC4200}.Debug|Any CPU.Build.0 = Debug|Any CPU
		{E3C66521-EE89-4406-92C4-FC1D40DC4200}.Debug|x64.ActiveCfg = Debug|Any CPU
		{E3C66521-EE89-4406-92C4-FC1D40DC4200}.Debug|x64.Build.0 = Debug|Any CPU
		{E3C66521-EE89-4406-92C4-FC1D40DC4200}.Debug|x86.ActiveCfg = Debug|Any CPU
		{E3C66521-EE89-4406-92C4-FC1D40DC4200}.Debug|x86.Build.0 = Debug|Any CPU
		{E3C66521-EE89-4406-92C4-FC1D40DC4200}.Debug-Linux|Any CPU.ActiveCfg = Debug|Any CPU
		{E3C66521-EE89-4406-92C4-FC1D40DC4200}.Debug-Linux|x64.ActiveCfg = Debug|Any CPU
		{E3C66521-EE89-4406-92C4-FC1D40DC4200}.Debug-Linux|x64.Build.0 = Debug|Any CPU
		{E3C66521-EE89-4406-92C4-FC1D40DC4200}.Debug-Linux|x86.ActiveCfg = Debug|Any CPU
		{E3C66521-EE89-4406-92C4-FC1D40DC4200}.Debug-Linux|x86.Build.0 = Debug|Any CPU
		{E3C66521-EE89-4406-92C4-FC1D40DC4200}.Release|Any CPU.ActiveCfg = Release|Any CPU
		{E3C66521-EE89-4406-92C4-FC1D40DC4200}.Release|Any CPU.Build.0 = Release|Any CPU
		{E3C66521-EE89-4406-92C4-FC1D40DC4200}.Release|x64.ActiveCfg = Release|Any CPU
		{E3C66521-EE89-4406-92C4-FC1D40DC4200}.Release|x64.Build.0 = Release|Any CPU
		{E3C66521-EE89-4406-92C4-FC1D40DC4200}.Release|x86.ActiveCfg = Release|Any CPU
		{E3C66521-EE89-4406-92C4-FC1D40DC4200}.Release|x86.Build.0 = Release|Any CPU
		{E3C66521-EE89-4406-92C4-FC1D40DC4200}.Release-Linux|Any CPU.ActiveCfg = Release|Any CPU
		{E3C66521-EE89-4406-92C4-FC1D40DC4200}.Release-Linux|x64.ActiveCfg = Release|Any CPU
		{E3C66521-EE89-4406-92C4-FC1D40DC4200}.Release-Linux|x64.Build.0 = Release|Any CPU
		{E3C66521-EE89-4406-92C4-FC1D40DC4200}.Release-Linux|x86.ActiveCfg = Release|Any CPU
		{E3C66521-EE89-4406-92C4-FC1D40DC4200}.Release-Linux|x86.Build.0 = Release|Any CPU
		{736010D3-F72F-4C56-B8D2-2EDD1B8F3A87}.Debug|Any CPU.ActiveCfg = Debug|Any CPU
		{736010D3-F72F-4C56-B8D2-2EDD1B8F3A87}.Debug|Any CPU.Build.0 = Debug|Any CPU
		{736010D3-F72F-4C56-B8D2-2EDD1B8F3A87}.Debug|x64.ActiveCfg = Debug|Any CPU
		{736010D3-F72F-4C56-B8D2-2EDD1B8F3A87}.Debug|x64.Build.0 = Debug|Any CPU
		{736010D3-F72F-4C56-B8D2-2EDD1B8F3A87}.Debug|x86.ActiveCfg = Debug|Any CPU
		{736010D3-F72F-4C56-B8D2-2EDD1B8F3A87}.Debug|x86.Build.0 = Debug|Any CPU
		{736010D3-F72F-4C56-B8D2-2EDD1B8F3A87}.Debug-Linux|Any CPU.ActiveCfg = Debug|Any CPU
		{736010D3-F72F-4C56-B8D2-2EDD1B8F3A87}.Debug-Linux|Any CPU.Build.0 = Debug|Any CPU
		{736010D3-F72F-4C56-B8D2-2EDD1B8F3A87}.Debug-Linux|x64.ActiveCfg = Debug|Any CPU
		{736010D3-F72F-4C56-B8D2-2EDD1B8F3A87}.Debug-Linux|x64.Build.0 = Debug|Any CPU
		{736010D3-F72F-4C56-B8D2-2EDD1B8F3A87}.Debug-Linux|x86.ActiveCfg = Debug|Any CPU
		{736010D3-F72F-4C56-B8D2-2EDD1B8F3A87}.Debug-Linux|x86.Build.0 = Debug|Any CPU
		{736010D3-F72F-4C56-B8D2-2EDD1B8F3A87}.Release|Any CPU.ActiveCfg = Release|Any CPU
		{736010D3-F72F-4C56-B8D2-2EDD1B8F3A87}.Release|Any CPU.Build.0 = Release|Any CPU
		{736010D3-F72F-4C56-B8D2-2EDD1B8F3A87}.Release|x64.ActiveCfg = Release|Any CPU
		{736010D3-F72F-4C56-B8D2-2EDD1B8F3A87}.Release|x64.Build.0 = Release|Any CPU
		{736010D3-F72F-4C56-B8D2-2EDD1B8F3A87}.Release|x86.ActiveCfg = Release|Any CPU
		{736010D3-F72F-4C56-B8D2-2EDD1B8F3A87}.Release|x86.Build.0 = Release|Any CPU
		{736010D3-F72F-4C56-B8D2-2EDD1B8F3A87}.Release-Linux|Any CPU.ActiveCfg = Release|Any CPU
		{736010D3-F72F-4C56-B8D2-2EDD1B8F3A87}.Release-Linux|Any CPU.Build.0 = Release|Any CPU
		{736010D3-F72F-4C56-B8D2-2EDD1B8F3A87}.Release-Linux|x64.ActiveCfg = Release|Any CPU
		{736010D3-F72F-4C56-B8D2-2EDD1B8F3A87}.Release-Linux|x64.Build.0 = Release|Any CPU
		{736010D3-F72F-4C56-B8D2-2EDD1B8F3A87}.Release-Linux|x86.ActiveCfg = Release|Any CPU
		{736010D3-F72F-4C56-B8D2-2EDD1B8F3A87}.Release-Linux|x86.Build.0 = Release|Any CPU
		{8BB5DA4B-5B71-4993-8941-4F38D4E6C81B}.Debug|Any CPU.ActiveCfg = Debug|Any CPU
		{8BB5DA4B-5B71-4993-8941-4F38D4E6C81B}.Debug|Any CPU.Build.0 = Debug|Any CPU
		{8BB5DA4B-5B71-4993-8941-4F38D4E6C81B}.Debug|x64.ActiveCfg = Debug|x64
		{8BB5DA4B-5B71-4993-8941-4F38D4E6C81B}.Debug|x64.Build.0 = Debug|x64
		{8BB5DA4B-5B71-4993-8941-4F38D4E6C81B}.Debug|x86.ActiveCfg = Debug|x86
		{8BB5DA4B-5B71-4993-8941-4F38D4E6C81B}.Debug|x86.Build.0 = Debug|x86
		{8BB5DA4B-5B71-4993-8941-4F38D4E6C81B}.Debug-Linux|Any CPU.ActiveCfg = Debug|Any CPU
		{8BB5DA4B-5B71-4993-8941-4F38D4E6C81B}.Debug-Linux|Any CPU.Build.0 = Debug|Any CPU
		{8BB5DA4B-5B71-4993-8941-4F38D4E6C81B}.Debug-Linux|x64.ActiveCfg = Debug|x64
		{8BB5DA4B-5B71-4993-8941-4F38D4E6C81B}.Debug-Linux|x64.Build.0 = Debug|x64
		{8BB5DA4B-5B71-4993-8941-4F38D4E6C81B}.Debug-Linux|x86.ActiveCfg = Debug|x86
		{8BB5DA4B-5B71-4993-8941-4F38D4E6C81B}.Debug-Linux|x86.Build.0 = Debug|x86
		{8BB5DA4B-5B71-4993-8941-4F38D4E6C81B}.Release|Any CPU.ActiveCfg = Release|Any CPU
		{8BB5DA4B-5B71-4993-8941-4F38D4E6C81B}.Release|Any CPU.Build.0 = Release|Any CPU
		{8BB5DA4B-5B71-4993-8941-4F38D4E6C81B}.Release|x64.ActiveCfg = Release|x64
		{8BB5DA4B-5B71-4993-8941-4F38D4E6C81B}.Release|x64.Build.0 = Release|x64
		{8BB5DA4B-5B71-4993-8941-4F38D4E6C81B}.Release|x86.ActiveCfg = Release|x86
		{8BB5DA4B-5B71-4993-8941-4F38D4E6C81B}.Release|x86.Build.0 = Release|x86
		{8BB5DA4B-5B71-4993-8941-4F38D4E6C81B}.Release-Linux|Any CPU.ActiveCfg = Release|Any CPU
		{8BB5DA4B-5B71-4993-8941-4F38D4E6C81B}.Release-Linux|Any CPU.Build.0 = Release|Any CPU
		{8BB5DA4B-5B71-4993-8941-4F38D4E6C81B}.Release-Linux|x64.ActiveCfg = Release|x64
		{8BB5DA4B-5B71-4993-8941-4F38D4E6C81B}.Release-Linux|x64.Build.0 = Release|x64
		{8BB5DA4B-5B71-4993-8941-4F38D4E6C81B}.Release-Linux|x86.ActiveCfg = Release|x86
		{8BB5DA4B-5B71-4993-8941-4F38D4E6C81B}.Release-Linux|x86.Build.0 = Release|x86
		{21091F19-9F30-4A94-B1E6-10F61D217EA3}.Debug|Any CPU.ActiveCfg = Debug|Any CPU
		{21091F19-9F30-4A94-B1E6-10F61D217EA3}.Debug|Any CPU.Build.0 = Debug|Any CPU
		{21091F19-9F30-4A94-B1E6-10F61D217EA3}.Debug|x64.ActiveCfg = Debug|Any CPU
		{21091F19-9F30-4A94-B1E6-10F61D217EA3}.Debug|x64.Build.0 = Debug|Any CPU
		{21091F19-9F30-4A94-B1E6-10F61D217EA3}.Debug|x86.ActiveCfg = Debug|Any CPU
		{21091F19-9F30-4A94-B1E6-10F61D217EA3}.Debug|x86.Build.0 = Debug|Any CPU
		{21091F19-9F30-4A94-B1E6-10F61D217EA3}.Debug-Linux|Any CPU.ActiveCfg = Debug|Any CPU
		{21091F19-9F30-4A94-B1E6-10F61D217EA3}.Debug-Linux|x64.ActiveCfg = Debug|Any CPU
		{21091F19-9F30-4A94-B1E6-10F61D217EA3}.Debug-Linux|x64.Build.0 = Debug|Any CPU
		{21091F19-9F30-4A94-B1E6-10F61D217EA3}.Debug-Linux|x86.ActiveCfg = Debug|Any CPU
		{21091F19-9F30-4A94-B1E6-10F61D217EA3}.Debug-Linux|x86.Build.0 = Debug|Any CPU
		{21091F19-9F30-4A94-B1E6-10F61D217EA3}.Release|Any CPU.ActiveCfg = Release|Any CPU
		{21091F19-9F30-4A94-B1E6-10F61D217EA3}.Release|Any CPU.Build.0 = Release|Any CPU
		{21091F19-9F30-4A94-B1E6-10F61D217EA3}.Release|x64.ActiveCfg = Release|Any CPU
		{21091F19-9F30-4A94-B1E6-10F61D217EA3}.Release|x64.Build.0 = Release|Any CPU
		{21091F19-9F30-4A94-B1E6-10F61D217EA3}.Release|x86.ActiveCfg = Release|Any CPU
		{21091F19-9F30-4A94-B1E6-10F61D217EA3}.Release|x86.Build.0 = Release|Any CPU
		{21091F19-9F30-4A94-B1E6-10F61D217EA3}.Release-Linux|Any CPU.ActiveCfg = Release|Any CPU
		{21091F19-9F30-4A94-B1E6-10F61D217EA3}.Release-Linux|x64.ActiveCfg = Release|Any CPU
		{21091F19-9F30-4A94-B1E6-10F61D217EA3}.Release-Linux|x64.Build.0 = Release|Any CPU
		{21091F19-9F30-4A94-B1E6-10F61D217EA3}.Release-Linux|x86.ActiveCfg = Release|Any CPU
		{21091F19-9F30-4A94-B1E6-10F61D217EA3}.Release-Linux|x86.Build.0 = Release|Any CPU
		{2AA642A6-0998-4C48-A125-76CC654EB599}.Debug|Any CPU.ActiveCfg = Debug|Any CPU
		{2AA642A6-0998-4C48-A125-76CC654EB599}.Debug|Any CPU.Build.0 = Debug|Any CPU
		{2AA642A6-0998-4C48-A125-76CC654EB599}.Debug|x64.ActiveCfg = Debug|Any CPU
		{2AA642A6-0998-4C48-A125-76CC654EB599}.Debug|x64.Build.0 = Debug|Any CPU
		{2AA642A6-0998-4C48-A125-76CC654EB599}.Debug|x86.ActiveCfg = Debug|Any CPU
		{2AA642A6-0998-4C48-A125-76CC654EB599}.Debug|x86.Build.0 = Debug|Any CPU
		{2AA642A6-0998-4C48-A125-76CC654EB599}.Debug-Linux|Any CPU.ActiveCfg = Debug|Any CPU
		{2AA642A6-0998-4C48-A125-76CC654EB599}.Debug-Linux|Any CPU.Build.0 = Debug|Any CPU
		{2AA642A6-0998-4C48-A125-76CC654EB599}.Debug-Linux|x64.ActiveCfg = Debug|Any CPU
		{2AA642A6-0998-4C48-A125-76CC654EB599}.Debug-Linux|x64.Build.0 = Debug|Any CPU
		{2AA642A6-0998-4C48-A125-76CC654EB599}.Debug-Linux|x86.ActiveCfg = Debug|Any CPU
		{2AA642A6-0998-4C48-A125-76CC654EB599}.Debug-Linux|x86.Build.0 = Debug|Any CPU
		{2AA642A6-0998-4C48-A125-76CC654EB599}.Release|Any CPU.ActiveCfg = Release|Any CPU
		{2AA642A6-0998-4C48-A125-76CC654EB599}.Release|Any CPU.Build.0 = Release|Any CPU
		{2AA642A6-0998-4C48-A125-76CC654EB599}.Release|x64.ActiveCfg = Release|Any CPU
		{2AA642A6-0998-4C48-A125-76CC654EB599}.Release|x64.Build.0 = Release|Any CPU
		{2AA642A6-0998-4C48-A125-76CC654EB599}.Release|x86.ActiveCfg = Release|Any CPU
		{2AA642A6-0998-4C48-A125-76CC654EB599}.Release|x86.Build.0 = Release|Any CPU
		{2AA642A6-0998-4C48-A125-76CC654EB599}.Release-Linux|Any CPU.ActiveCfg = Release|Any CPU
		{2AA642A6-0998-4C48-A125-76CC654EB599}.Release-Linux|Any CPU.Build.0 = Release|Any CPU
		{2AA642A6-0998-4C48-A125-76CC654EB599}.Release-Linux|x64.ActiveCfg = Release|Any CPU
		{2AA642A6-0998-4C48-A125-76CC654EB599}.Release-Linux|x64.Build.0 = Release|Any CPU
		{2AA642A6-0998-4C48-A125-76CC654EB599}.Release-Linux|x86.ActiveCfg = Release|Any CPU
		{2AA642A6-0998-4C48-A125-76CC654EB599}.Release-Linux|x86.Build.0 = Release|Any CPU
		{2E147723-B456-4F82-87A3-4E71574EC361}.Debug|Any CPU.ActiveCfg = Debug|Any CPU
		{2E147723-B456-4F82-87A3-4E71574EC361}.Debug|Any CPU.Build.0 = Debug|Any CPU
		{2E147723-B456-4F82-87A3-4E71574EC361}.Debug|x64.ActiveCfg = Debug|Any CPU
		{2E147723-B456-4F82-87A3-4E71574EC361}.Debug|x64.Build.0 = Debug|Any CPU
		{2E147723-B456-4F82-87A3-4E71574EC361}.Debug|x86.ActiveCfg = Debug|Any CPU
		{2E147723-B456-4F82-87A3-4E71574EC361}.Debug|x86.Build.0 = Debug|Any CPU
		{2E147723-B456-4F82-87A3-4E71574EC361}.Debug-Linux|Any CPU.ActiveCfg = Debug-Linux|Any CPU
		{2E147723-B456-4F82-87A3-4E71574EC361}.Debug-Linux|Any CPU.Build.0 = Debug-Linux|Any CPU
		{2E147723-B456-4F82-87A3-4E71574EC361}.Debug-Linux|x64.ActiveCfg = Debug-Linux|Any CPU
		{2E147723-B456-4F82-87A3-4E71574EC361}.Debug-Linux|x64.Build.0 = Debug-Linux|Any CPU
		{2E147723-B456-4F82-87A3-4E71574EC361}.Debug-Linux|x86.ActiveCfg = Debug-Linux|Any CPU
		{2E147723-B456-4F82-87A3-4E71574EC361}.Debug-Linux|x86.Build.0 = Debug-Linux|Any CPU
		{2E147723-B456-4F82-87A3-4E71574EC361}.Release|Any CPU.ActiveCfg = Release|Any CPU
		{2E147723-B456-4F82-87A3-4E71574EC361}.Release|Any CPU.Build.0 = Release|Any CPU
		{2E147723-B456-4F82-87A3-4E71574EC361}.Release|x64.ActiveCfg = Release|Any CPU
		{2E147723-B456-4F82-87A3-4E71574EC361}.Release|x64.Build.0 = Release|Any CPU
		{2E147723-B456-4F82-87A3-4E71574EC361}.Release|x86.ActiveCfg = Release|Any CPU
		{2E147723-B456-4F82-87A3-4E71574EC361}.Release|x86.Build.0 = Release|Any CPU
		{2E147723-B456-4F82-87A3-4E71574EC361}.Release-Linux|Any CPU.ActiveCfg = Release-Linux|Any CPU
		{2E147723-B456-4F82-87A3-4E71574EC361}.Release-Linux|Any CPU.Build.0 = Release-Linux|Any CPU
		{2E147723-B456-4F82-87A3-4E71574EC361}.Release-Linux|x64.ActiveCfg = Release-Linux|Any CPU
		{2E147723-B456-4F82-87A3-4E71574EC361}.Release-Linux|x64.Build.0 = Release-Linux|Any CPU
		{2E147723-B456-4F82-87A3-4E71574EC361}.Release-Linux|x86.ActiveCfg = Release-Linux|Any CPU
		{2E147723-B456-4F82-87A3-4E71574EC361}.Release-Linux|x86.Build.0 = Release-Linux|Any CPU
	EndGlobalSection
	GlobalSection(SolutionProperties) = preSolution
		HideSolutionNode = FALSE
	EndGlobalSection
	GlobalSection(ExtensibilityGlobals) = postSolution
		SolutionGuid = {233F2ECD-9F46-44E0-923E-8738BF38CA17}
	EndGlobalSection
EndGlobal
